# THIS IS AN AUTOGENERATED FILE. DO NOT EDIT THIS FILE DIRECTLY.
# yarn lockfile v1


strapi-plugin-notes@^1.0.1:
  version "1.0.1"
  resolved "https://registry.yarnpkg.com/strapi-plugin-notes/-/strapi-plugin-notes-1.0.1.tgz#5968ce206e1c95936a5fe75fd2612bdc8ec3ae52"
  integrity sha512-0DwuEdLrETNTyI5LKSZ6xWt2U2P3DpplM2bl7ZyEptbccKAUeWrXxxTtHWMjlCWzQie04BiWrNogIIpgAXpHGw==
